{
  "name": "reango",
  "version": "1.0.0",
  "lockfileVersion": 1,
  "requires": true,
  "dependencies": {
    "bser": {
      "version": "2.0.0",
      "resolved": "https://registry.npmjs.org/bser/-/bser-2.0.0.tgz",
      "integrity": "sha1-mseNPtXZFYBP2HrLFYvHlxR6Fxk=",
      "requires": {
        "node-int64": "0.4.0"
      }
    },
    "classnames": {
      "version": "2.2.5",
      "resolved": "https://registry.npmjs.org/classnames/-/classnames-2.2.5.tgz",
      "integrity": "sha1-+zgB1FNGdknvNgPH1hoCvRKb3m0="
    },
    "compass-mixins": {
      "version": "0.12.10",
      "resolved": "https://registry.npmjs.org/compass-mixins/-/compass-mixins-0.12.10.tgz",
      "integrity": "sha1-zZ8V+CnE6WDMQ7sibwSbKL65nUE="
    },
    "fb-watchman": {
      "version": "2.0.0",
      "resolved": "https://registry.npmjs.org/fb-watchman/-/fb-watchman-2.0.0.tgz",
      "integrity": "sha1-VOmr99+i8mzZsWNsWIwa/AXeXVg=",
      "requires": {
        "bser": "2.0.0"
      }
    },
    "node-int64": {
      "version": "0.4.0",
      "resolved": "https://registry.npmjs.org/node-int64/-/node-int64-0.4.0.tgz",
      "integrity": "sha1-h6kGXNs1XTGC2PlM4RGIuCXGijs="
    },
    "react-rangeslider": {
      "version": "2.2.0",
      "resolved": "https://registry.npmjs.org/react-rangeslider/-/react-rangeslider-2.2.0.tgz",
      "integrity": "sha512-5K7Woa+cyqZ5wiW5+KhqGV+3+FiFxGKQ9rUxTMh52sObXVYEeBbfxFrp1eBvS8mRIxnUbHz9ppnFP0LhwOyNeg==",
      "requires": {
        "classnames": "2.2.5",
        "resize-observer-polyfill": "1.5.0"
      }
    },
    "resize-observer-polyfill": {
      "version": "1.5.0",
      "resolved": "https://registry.npmjs.org/resize-observer-polyfill/-/resize-observer-polyfill-1.5.0.tgz",
      "integrity": "sha512-M2AelyJDVR/oLnToJLtuDJRBBWUGUvvGigj1411hXhAdyFWqMaqHp7TixW3FpiLuVaikIcR1QL+zqoJoZlOgpg=="
    }
  }
}
